lockfileVersion: '6.0'

settings:
  autoInstallPeers: true
  excludeLinksFromLockfile: false

dependencies:
  cs2-gamestate-integration-data:
    specifier: github:Sonic853/CS2-Gamestate-Integration-Data
    version: github.com/Sonic853/CS2-Gamestate-Integration-Data/97ff4b8ce05572d4b822d77f86e9281a8db6c9ba
  ws:
    specifier: ^8.14.2
    version: 8.14.2

devDependencies:
  '@types/node':
    specifier: ^20.9.0
    version: 20.9.0
  '@types/ws':
    specifier: ^8.5.9
    version: 8.5.9
  typescript:
    specifier: ^5.2.2
    version: 5.2.2

packages:

  /@types/node@20.9.0:
    resolution: {integrity: sha512-nekiGu2NDb1BcVofVcEKMIwzlx4NjHlcjhoxxKBNLtz15Y1z7MYf549DFvkHSId02Ax6kGwWntIBPC3l/JZcmw==}
    dependencies:
      undici-types: 5.26.5
    dev: true

  /@types/ws@8.5.9:
    resolution: {integrity: sha512-jbdrY0a8lxfdTp/+r7Z4CkycbOFN8WX+IOchLJr3juT/xzbJ8URyTVSJ/hvNdadTgM1mnedb47n+Y31GsFnQlg==}
    dependencies:
      '@types/node': 20.9.0
    dev: true

  /typescript@5.2.2:
    resolution: {integrity: sha512-mI4WrpHsbCIcwT9cF4FZvr80QUeKvsUsUvKDoR+X/7XHQH98xYD8YHZg7ANtz2GtZt/CBq2QJ0thkGJMHfqc1w==}
    engines: {node: '>=14.17'}
    hasBin: true
    dev: true

  /undici-types@5.26.5:
    resolution: {integrity: sha512-JlCMO+ehdEIKqlFxk6IfVoAUVmgz7cU7zD/h9XZ0qzeosSHmUJVOzSQvvYSYWXkFXC+IfLKSIffhv0sVZup6pA==}
    dev: true

  /ws@8.14.2:
    resolution: {integrity: sha512-wEBG1ftX4jcglPxgFCMJmZ2PLtSbJ2Peg6TmpJFTbe9GZYOQCDPdMYu/Tm0/bGZkw8paZnJY45J4K2PZrLYq8g==}
    engines: {node: '>=10.0.0'}
    peerDependencies:
      bufferutil: ^4.0.1
      utf-8-validate: '>=5.0.2'
    peerDependenciesMeta:
      bufferutil:
        optional: true
      utf-8-validate:
        optional: true
    dev: false

  github.com/Sonic853/CS2-Gamestate-Integration-Data/97ff4b8ce05572d4b822d77f86e9281a8db6c9ba:
    resolution: {tarball: https://codeload.github.com/Sonic853/CS2-Gamestate-Integration-Data/tar.gz/97ff4b8ce05572d4b822d77f86e9281a8db6c9ba}
    name: cs2-gamestate-integration-data
    version: 1.0.0
    dev: false
